
Microsoft Visual Studio Solution File, Format Version 12.00
# Visual Studio Version 16
VisualStudioVersion = 16.0.30717.126
MinimumVisualStudioVersion = 10.0.40219.1
Project("{FAE04EC0-301F-11D3-BF4B-00C04F79EFBC}") = "Core", "Core\Core.csproj", "{7881B084-FBB4-47C9-9257-2CA34FB541F1}"
EndProject
Project("{FAE04EC0-301F-11D3-BF4B-00C04F79EFBC}") = "Data", "Data\Data.csproj", "{48947BE9-9BB3-4766-BE65-B394EF50CD32}"
EndProject
Project("{FAE04EC0-301F-11D3-BF4B-00C04F79EFBC}") = "Service", "Service\Service.csproj", "{5F00E151-EAD0-4CBD-9F9B-380D2F9734CE}"
EndProject
Project("{FAE04EC0-301F-11D3-BF4B-00C04F79EFBC}") = "UI", "UI\UI.csproj", "{C29CC9CE-7298-4D86-B2A5-2C08AB919578}"
EndProject
Global
	GlobalSection(SolutionConfigurationPlatforms) = preSolution
		Debug|Any CPU = Debug|Any CPU
		Release|Any CPU = Release|Any CPU
	EndGlobalSection
	GlobalSection(ProjectConfigurationPlatforms) = postSolution
		{7881B084-FBB4-47C9-9257-2CA34FB541F1}.Debug|Any CPU.ActiveCfg = Debug|Any CPU
		{7881B084-FBB4-47C9-9257-2CA34FB541F1}.Debug|Any CPU.Build.0 = Debug|Any CPU
		{7881B084-FBB4-47C9-9257-2CA34FB541F1}.Release|Any CPU.ActiveCfg = Release|Any CPU
		{7881B084-FBB4-47C9-9257-2CA34FB541F1}.Release|Any CPU.Build.0 = Release|Any CPU
		{48947BE9-9BB3-4766-BE65-B394EF50CD32}.Debug|Any CPU.ActiveCfg = Debug|Any CPU
		{48947BE9-9BB3-4766-BE65-B394EF50CD32}.Debug|Any CPU.Build.0 = Debug|Any CPU
		{48947BE9-9BB3-4766-BE65-B394EF50CD32}.Release|Any CPU.ActiveCfg = Release|Any CPU
		{48947BE9-9BB3-4766-BE65-B394EF50CD32}.Release|Any CPU.Build.0 = Release|Any CPU
		{5F00E151-EAD0-4CBD-9F9B-380D2F9734CE}.Debug|Any CPU.ActiveCfg = Debug|Any CPU
		{5F00E151-EAD0-4CBD-9F9B-380D2F9734CE}.Debug|Any CPU.Build.0 = Debug|Any CPU
		{5F00E151-EAD0-4CBD-9F9B-380D2F9734CE}.Release|Any CPU.ActiveCfg = Release|Any CPU
		{5F00E151-EAD0-4CBD-9F9B-380D2F9734CE}.Release|Any CPU.Build.0 = Release|Any CPU
		{C29CC9CE-7298-4D86-B2A5-2C08AB919578}.Debug|Any CPU.ActiveCfg = Debug|Any CPU
		{C29CC9CE-7298-4D86-B2A5-2C08AB919578}.Debug|Any CPU.Build.0 = Debug|Any CPU
		{C29CC9CE-7298-4D86-B2A5-2C08AB919578}.Release|Any CPU.ActiveCfg = Release|Any CPU
		{C29CC9CE-7298-4D86-B2A5-2C08AB919578}.Release|Any CPU.Build.0 = Release|Any CPU
	EndGlobalSection
	GlobalSection(SolutionProperties) = preSolution
		HideSolutionNode = FALSE
	EndGlobalSection
	GlobalSection(ExtensibilityGlobals) = postSolution
		SolutionGuid = {8002E5E3-950B-4E87-8EC6-8A9C72343730}
	EndGlobalSection
EndGlobal
